
Microsoft Visual Studio Solution File, Format Version 12.00
# Visual Studio Version 17
VisualStudioVersion = 17.0.31903.59
MinimumVisualStudioVersion = 10.0.40219.1
Project("{FAE04EC0-301F-11D3-BF4B-00C04F79EFBC}") = "HospitalAI.Domain", "HospitalAI.Domain\HospitalAI.Domain.csproj", "{F9B0A993-F828-4FFA-BD8B-F5327631689C}"
EndProject
Project("{FAE04EC0-301F-11D3-BF4B-00C04F79EFBC}") = "HospitalAI.Application", "HospitalAI.Application\HospitalAI.Application.csproj", "{F2964D8F-0D45-4C81-84C6-FED773F2A76F}"
EndProject
Project("{FAE04EC0-301F-11D3-BF4B-00C04F79EFBC}") = "HospitalAI.Infrastructure", "HospitalAI.Infrastructure\HospitalAI.Infrastructure.csproj", "{94B07BAD-06A6-41F8-94CE-152BDEB44014}"
EndProject
Project("{2150E333-8FDC-42A3-9474-1A3956D46DE8}") = "building-blocks", "building-blocks", "{A1B2C3D4-E5F6-7890-ABCD-EF1234567890}"
EndProject
Project("{2150E333-8FDC-42A3-9474-1A3956D46DE8}") = "services", "services", "{5854FF58-B8C5-05C6-5BF2-ACE42193F22B}"
EndProject
Project("{FAE04EC0-301F-11D3-BF4B-00C04F79EFBC}") = "HospitalAI.Gateway", "services\HospitalAI.Gateway\HospitalAI.Gateway.csproj", "{095D84A6-6020-4912-B6A4-C6574EF1DE07}"
EndProject
Project("{FAE04EC0-301F-11D3-BF4B-00C04F79EFBC}") = "HospitalAI.IdentityService", "services\HospitalAI.IdentityService\HospitalAI.IdentityService.csproj", "{9C7AD015-1C2E-4A93-953D-3A6ED1B59CAF}"
EndProject
Project("{FAE04EC0-301F-11D3-BF4B-00C04F79EFBC}") = "HospitalAI.PatientService", "services\HospitalAI.PatientService\HospitalAI.PatientService.csproj", "{FDC1612B-4EB3-402A-B159-5604AA5327CD}"
EndProject
Project("{FAE04EC0-301F-11D3-BF4B-00C04F79EFBC}") = "HospitalAI.QueueService", "services\HospitalAI.QueueService\HospitalAI.QueueService.csproj", "{C53644D6-87AD-4054-AE19-C159786CAFDE}"
EndProject
Project("{FAE04EC0-301F-11D3-BF4B-00C04F79EFBC}") = "HospitalAI.ExaminationService", "services\HospitalAI.ExaminationService\HospitalAI.ExaminationService.csproj", "{64188787-33DE-4F18-BBD7-2A109E3A7825}"
EndProject
Global
	GlobalSection(SolutionConfigurationPlatforms) = preSolution
		Debug|Any CPU = Debug|Any CPU
		Debug|x64 = Debug|x64
		Debug|x86 = Debug|x86
		Release|Any CPU = Release|Any CPU
		Release|x64 = Release|x64
		Release|x86 = Release|x86
	EndGlobalSection
	GlobalSection(ProjectConfigurationPlatforms) = postSolution
		{F9B0A993-F828-4FFA-BD8B-F5327631689C}.Debug|Any CPU.ActiveCfg = Debug|Any CPU
		{F9B0A993-F828-4FFA-BD8B-F5327631689C}.Debug|Any CPU.Build.0 = Debug|Any CPU
		{F9B0A993-F828-4FFA-BD8B-F5327631689C}.Debug|x64.ActiveCfg = Debug|Any CPU
		{F9B0A993-F828-4FFA-BD8B-F5327631689C}.Debug|x64.Build.0 = Debug|Any CPU
		{F9B0A993-F828-4FFA-BD8B-F5327631689C}.Debug|x86.ActiveCfg = Debug|Any CPU
		{F9B0A993-F828-4FFA-BD8B-F5327631689C}.Debug|x86.Build.0 = Debug|Any CPU
		{F9B0A993-F828-4FFA-BD8B-F5327631689C}.Release|Any CPU.ActiveCfg = Release|Any CPU
		{F9B0A993-F828-4FFA-BD8B-F5327631689C}.Release|Any CPU.Build.0 = Release|Any CPU
		{F9B0A993-F828-4FFA-BD8B-F5327631689C}.Release|x64.ActiveCfg = Release|Any CPU
		{F9B0A993-F828-4FFA-BD8B-F5327631689C}.Release|x64.Build.0 = Release|Any CPU
		{F9B0A993-F828-4FFA-BD8B-F5327631689C}.Release|x86.ActiveCfg = Release|Any CPU
		{F9B0A993-F828-4FFA-BD8B-F5327631689C}.Release|x86.Build.0 = Release|Any CPU
		{F2964D8F-0D45-4C81-84C6-FED773F2A76F}.Debug|Any CPU.ActiveCfg = Debug|Any CPU
		{F2964D8F-0D45-4C81-84C6-FED773F2A76F}.Debug|Any CPU.Build.0 = Debug|Any CPU
		{F2964D8F-0D45-4C81-84C6-FED773F2A76F}.Debug|x64.ActiveCfg = Debug|Any CPU
		{F2964D8F-0D45-4C81-84C6-FED773F2A76F}.Debug|x64.Build.0 = Debug|Any CPU
		{F2964D8F-0D45-4C81-84C6-FED773F2A76F}.Debug|x86.ActiveCfg = Debug|Any CPU
		{F2964D8F-0D45-4C81-84C6-FED773F2A76F}.Debug|x86.Build.0 = Debug|Any CPU
		{F2964D8F-0D45-4C81-84C6-FED773F2A76F}.Release|Any CPU.ActiveCfg = Release|Any CPU
		{F2964D8F-0D45-4C81-84C6-FED773F2A76F}.Release|Any CPU.Build.0 = Release|Any CPU
		{F2964D8F-0D45-4C81-84C6-FED773F2A76F}.Release|x64.ActiveCfg = Release|Any CPU
		{F2964D8F-0D45-4C81-84C6-FED773F2A76F}.Release|x64.Build.0 = Release|Any CPU
		{F2964D8F-0D45-4C81-84C6-FED773F2A76F}.Release|x86.ActiveCfg = Release|Any CPU
		{F2964D8F-0D45-4C81-84C6-FED773F2A76F}.Release|x86.Build.0 = Release|Any CPU
		{94B07BAD-06A6-41F8-94CE-152BDEB44014}.Debug|Any CPU.ActiveCfg = Debug|Any CPU
		{94B07BAD-06A6-41F8-94CE-152BDEB44014}.Debug|Any CPU.Build.0 = Debug|Any CPU
		{94B07BAD-06A6-41F8-94CE-152BDEB44014}.Debug|x64.ActiveCfg = Debug|Any CPU
		{94B07BAD-06A6-41F8-94CE-152BDEB44014}.Debug|x64.Build.0 = Debug|Any CPU
		{94B07BAD-06A6-41F8-94CE-152BDEB44014}.Debug|x86.ActiveCfg = Debug|Any CPU
		{94B07BAD-06A6-41F8-94CE-152BDEB44014}.Debug|x86.Build.0 = Debug|Any CPU
		{94B07BAD-06A6-41F8-94CE-152BDEB44014}.Release|Any CPU.ActiveCfg = Release|Any CPU
		{94B07BAD-06A6-41F8-94CE-152BDEB44014}.Release|Any CPU.Build.0 = Release|Any CPU
		{94B07BAD-06A6-41F8-94CE-152BDEB44014}.Release|x64.ActiveCfg = Release|Any CPU
		{94B07BAD-06A6-41F8-94CE-152BDEB44014}.Release|x64.Build.0 = Release|Any CPU
		{94B07BAD-06A6-41F8-94CE-152BDEB44014}.Release|x86.ActiveCfg = Release|Any CPU
		{94B07BAD-06A6-41F8-94CE-152BDEB44014}.Release|x86.Build.0 = Release|Any CPU
		{095D84A6-6020-4912-B6A4-C6574EF1DE07}.Debug|Any CPU.ActiveCfg = Debug|Any CPU
		{095D84A6-6020-4912-B6A4-C6574EF1DE07}.Debug|Any CPU.Build.0 = Debug|Any CPU
		{095D84A6-6020-4912-B6A4-C6574EF1DE07}.Debug|x64.ActiveCfg = Debug|Any CPU
		{095D84A6-6020-4912-B6A4-C6574EF1DE07}.Debug|x64.Build.0 = Debug|Any CPU
		{095D84A6-6020-4912-B6A4-C6574EF1DE07}.Debug|x86.ActiveCfg = Debug|Any CPU
		{095D84A6-6020-4912-B6A4-C6574EF1DE07}.Debug|x86.Build.0 = Debug|Any CPU
		{095D84A6-6020-4912-B6A4-C6574EF1DE07}.Release|Any CPU.ActiveCfg = Release|Any CPU
		{095D84A6-6020-4912-B6A4-C6574EF1DE07}.Release|Any CPU.Build.0 = Release|Any CPU
		{095D84A6-6020-4912-B6A4-C6574EF1DE07}.Release|x64.ActiveCfg = Release|Any CPU
		{095D84A6-6020-4912-B6A4-C6574EF1DE07}.Release|x64.Build.0 = Release|Any CPU
		{095D84A6-6020-4912-B6A4-C6574EF1DE07}.Release|x86.ActiveCfg = Release|Any CPU
		{095D84A6-6020-4912-B6A4-C6574EF1DE07}.Release|x86.Build.0 = Release|Any CPU
		{9C7AD015-1C2E-4A93-953D-3A6ED1B59CAF}.Debug|Any CPU.ActiveCfg = Debug|Any CPU
		{9C7AD015-1C2E-4A93-953D-3A6ED1B59CAF}.Debug|Any CPU.Build.0 = Debug|Any CPU
		{9C7AD015-1C2E-4A93-953D-3A6ED1B59CAF}.Debug|x64.ActiveCfg = Debug|Any CPU
		{9C7AD015-1C2E-4A93-953D-3A6ED1B59CAF}.Debug|x64.Build.0 = Debug|Any CPU
		{9C7AD015-1C2E-4A93-953D-3A6ED1B59CAF}.Debug|x86.ActiveCfg = Debug|Any CPU
		{9C7AD015-1C2E-4A93-953D-3A6ED1B59CAF}.Debug|x86.Build.0 = Debug|Any CPU
		{9C7AD015-1C2E-4A93-953D-3A6ED1B59CAF}.Release|Any CPU.ActiveCfg = Release|Any CPU
		{9C7AD015-1C2E-4A93-953D-3A6ED1B59CAF}.Release|Any CPU.Build.0 = Release|Any CPU
		{9C7AD015-1C2E-4A93-953D-3A6ED1B59CAF}.Release|x64.ActiveCfg = Release|Any CPU
		{9C7AD015-1C2E-4A93-953D-3A6ED1B59CAF}.Release|x64.Build.0 = Release|Any CPU
		{9C7AD015-1C2E-4A93-953D-3A6ED1B59CAF}.Release|x86.ActiveCfg = Release|Any CPU
		{9C7AD015-1C2E-4A93-953D-3A6ED1B59CAF}.Release|x86.Build.0 = Release|Any CPU
		{FDC1612B-4EB3-402A-B159-5604AA5327CD}.Debug|Any CPU.ActiveCfg = Debug|Any CPU
		{FDC1612B-4EB3-402A-B159-5604AA5327CD}.Debug|Any CPU.Build.0 = Debug|Any CPU
		{FDC1612B-4EB3-402A-B159-5604AA5327CD}.Debug|x64.ActiveCfg = Debug|Any CPU
		{FDC1612B-4EB3-402A-B159-5604AA5327CD}.Debug|x64.Build.0 = Debug|Any CPU
		{FDC1612B-4EB3-402A-B159-5604AA5327CD}.Debug|x86.ActiveCfg = Debug|Any CPU
		{FDC1612B-4EB3-402A-B159-5604AA5327CD}.Debug|x86.Build.0 = Debug|Any CPU
		{FDC1612B-4EB3-402A-B159-5604AA5327CD}.Release|Any CPU.ActiveCfg = Release|Any CPU
		{FDC1612B-4EB3-402A-B159-5604AA5327CD}.Release|Any CPU.Build.0 = Release|Any CPU
		{FDC1612B-4EB3-402A-B159-5604AA5327CD}.Release|x64.ActiveCfg = Release|Any CPU
		{FDC1612B-4EB3-402A-B159-5604AA5327CD}.Release|x64.Build.0 = Release|Any CPU
		{FDC1612B-4EB3-402A-B159-5604AA5327CD}.Release|x86.ActiveCfg = Release|Any CPU
		{FDC1612B-4EB3-402A-B159-5604AA5327CD}.Release|x86.Build.0 = Release|Any CPU
		{C53644D6-87AD-4054-AE19-C159786CAFDE}.Debug|Any CPU.ActiveCfg = Debug|Any CPU
		{C53644D6-87AD-4054-AE19-C159786CAFDE}.Debug|Any CPU.Build.0 = Debug|Any CPU
		{C53644D6-87AD-4054-AE19-C159786CAFDE}.Debug|x64.ActiveCfg = Debug|Any CPU
		{C53644D6-87AD-4054-AE19-C159786CAFDE}.Debug|x64.Build.0 = Debug|Any CPU
		{C53644D6-87AD-4054-AE19-C159786CAFDE}.Debug|x86.ActiveCfg = Debug|Any CPU
		{C53644D6-87AD-4054-AE19-C159786CAFDE}.Debug|x86.Build.0 = Debug|Any CPU
		{C53644D6-87AD-4054-AE19-C159786CAFDE}.Release|Any CPU.ActiveCfg = Release|Any CPU
		{C53644D6-87AD-4054-AE19-C159786CAFDE}.Release|Any CPU.Build.0 = Release|Any CPU
		{C53644D6-87AD-4054-AE19-C159786CAFDE}.Release|x64.ActiveCfg = Release|Any CPU
		{C53644D6-87AD-4054-AE19-C159786CAFDE}.Release|x64.Build.0 = Release|Any CPU
		{C53644D6-87AD-4054-AE19-C159786CAFDE}.Release|x86.ActiveCfg = Release|Any CPU
		{C53644D6-87AD-4054-AE19-C159786CAFDE}.Release|x86.Build.0 = Release|Any CPU
		{64188787-33DE-4F18-BBD7-2A109E3A7825}.Debug|Any CPU.ActiveCfg = Debug|Any CPU
		{64188787-33DE-4F18-BBD7-2A109E3A7825}.Debug|Any CPU.Build.0 = Debug|Any CPU
		{64188787-33DE-4F18-BBD7-2A109E3A7825}.Debug|x64.ActiveCfg = Debug|Any CPU
		{64188787-33DE-4F18-BBD7-2A109E3A7825}.Debug|x64.Build.0 = Debug|Any CPU
		{64188787-33DE-4F18-BBD7-2A109E3A7825}.Debug|x86.ActiveCfg = Debug|Any CPU
		{64188787-33DE-4F18-BBD7-2A109E3A7825}.Debug|x86.Build.0 = Debug|Any CPU
		{64188787-33DE-4F18-BBD7-2A109E3A7825}.Release|Any CPU.ActiveCfg = Release|Any CPU
		{64188787-33DE-4F18-BBD7-2A109E3A7825}.Release|Any CPU.Build.0 = Release|Any CPU
		{64188787-33DE-4F18-BBD7-2A109E3A7825}.Release|x64.ActiveCfg = Release|Any CPU
		{64188787-33DE-4F18-BBD7-2A109E3A7825}.Release|x64.Build.0 = Release|Any CPU
		{64188787-33DE-4F18-BBD7-2A109E3A7825}.Release|x86.ActiveCfg = Release|Any CPU
		{64188787-33DE-4F18-BBD7-2A109E3A7825}.Release|x86.Build.0 = Release|Any CPU
	EndGlobalSection
	GlobalSection(SolutionProperties) = preSolution
		HideSolutionNode = FALSE
	EndGlobalSection
	GlobalSection(NestedProjects) = preSolution
		{F9B0A993-F828-4FFA-BD8B-F5327631689C} = {A1B2C3D4-E5F6-7890-ABCD-EF1234567890}
		{F2964D8F-0D45-4C81-84C6-FED773F2A76F} = {A1B2C3D4-E5F6-7890-ABCD-EF1234567890}
		{94B07BAD-06A6-41F8-94CE-152BDEB44014} = {A1B2C3D4-E5F6-7890-ABCD-EF1234567890}
		{095D84A6-6020-4912-B6A4-C6574EF1DE07} = {5854FF58-B8C5-05C6-5BF2-ACE42193F22B}
		{9C7AD015-1C2E-4A93-953D-3A6ED1B59CAF} = {5854FF58-B8C5-05C6-5BF2-ACE42193F22B}
		{FDC1612B-4EB3-402A-B159-5604AA5327CD} = {5854FF58-B8C5-05C6-5BF2-ACE42193F22B}
		{C53644D6-87AD-4054-AE19-C159786CAFDE} = {5854FF58-B8C5-05C6-5BF2-ACE42193F22B}
		{64188787-33DE-4F18-BBD7-2A109E3A7825} = {5854FF58-B8C5-05C6-5BF2-ACE42193F22B}
	EndGlobalSection
EndGlobal
